
Microsoft Visual Studio Solution File, Format Version 12.00
# Visual Studio Version 16
VisualStudioVersion = 16.0.30128.74
MinimumVisualStudioVersion = 10.0.40219.1
Project("{FAE04EC0-301F-11D3-BF4B-00C04F79EFBC}") = "web.api", "web.api.csproj", "{2540869C-D0A8-433A-8D0A-07933953A7C6}"
EndProject
Global
	GlobalSection(SolutionConfigurationPlatforms) = preSolution
		Debug|Any CPU = Debug|Any CPU
		Release|Any CPU = Release|Any CPU
	EndGlobalSection
	GlobalSection(ProjectConfigurationPlatforms) = postSolution
		{2540869C-D0A8-433A-8D0A-07933953A7C6}.Debug|Any CPU.ActiveCfg = Debug|Any CPU
		{2540869C-D0A8-433A-8D0A-07933953A7C6}.Debug|Any CPU.Build.0 = Debug|Any CPU
		{2540869C-D0A8-433A-8D0A-07933953A7C6}.Release|Any CPU.ActiveCfg = Release|Any CPU
		{2540869C-D0A8-433A-8D0A-07933953A7C6}.Release|Any CPU.Build.0 = Release|Any CPU
	EndGlobalSection
	GlobalSection(SolutionProperties) = preSolution
		HideSolutionNode = FALSE
	EndGlobalSection
	GlobalSection(ExtensibilityGlobals) = postSolution
		SolutionGuid = {E42C20BB-145A-4080-95EB-166B38EAD8C0}
	EndGlobalSection
EndGlobal
